<?xml version="1.0" encoding="utf-8"?>
<Project ToolsVersion="4.0" xmlns="http://schemas.microsoft.com/developer/msbuild/2003">
  <ItemGroup>
    <Filter Include="Source Files">
      <UniqueIdentifier>{4FC737F1-C7A5-4376-A066-2A32D752A2FF}</UniqueIdentifier>
      <Extensions>cpp;c;cc;cxx;def;odl;idl;hpj;bat;asm;asmx</Extensions>
    </Filter>
    <Filter Include="Header Files">
      <UniqueIdentifier>{93995380-89BD-4b04-88EB-625FBE52EBFB}</UniqueIdentifier>
      <Extensions>h;hh;hpp;hxx;hm;inl;inc;xsd</Extensions>
    </Filter>
    <Filter Include="Resource Files">
      <UniqueIdentifier>{67DA6AB6-F800-4c08-8B7A-83BB121AAD01}</UniqueIdentifier>
      <Extensions>rc;ico;cur;bmp;dlg;rc2;rct;bin;rgs;gif;jpg;jpeg;jpe;resx;tiff;tif;png;wav;mfcribbon-ms</Extensions>
    </Filter>
    <Filter Include="Form Files">
      <UniqueIdentifier>{99349809-55BA-4b9d-BF79-8FDBB0286EB3}</UniqueIdentifier>
      <Extensions>ui</Extensions>
    </Filter>
    <Filter Include="Resource Files">
      <UniqueIdentifier>{D9D6E242-F8AF-46E4-B9FD-80ECBC20BA3E}</UniqueIdentifier>
      <Extensions>qrc;*</Extensions>
      <ParseFiles>false</ParseFiles>
    </Filter>
  </ItemGroup>
  <ItemGroup>
    <QtRcc Include="MainWindow.qrc">
      <Filter>Resource Files</Filter>
    </QtRcc>
    <QtUic Include="MainWindow.ui">
      <Filter>Resource Files</Filter>
    </QtUic>
    <QtMoc Include="MainWindow.h">
      <Filter>Header Files</Filter>
    </QtMoc>
    <ClCompile Include="MainWindow.cpp">
      <Filter>Source Files</Filter>
    </ClCompile>
    <ClInclude Include="stdafx.h">
      <Filter>Header Files</Filter>
    </ClInclude>
    <ClCompile Include="stdafx.cpp">
      <Filter>Source Files</Filter>
    </ClCompile>
  </ItemGroup>
  <ItemGroup>
    <ClCompile Include="main.cpp">
      <Filter>Source Files</Filter>
    </ClCompile>
    <ClCompile Include="LoginDialog.cpp">
      <Filter>Source Files</Filter>
    </ClCompile>
    <ClCompile Include="RegisterDialog.cpp">
      <Filter>Source Files</Filter>
    </ClCompile>
    <ClCompile Include="MysqlDataBase.cpp">
      <Filter>Source Files</Filter>
    </ClCompile>
    <ClCompile Include="User.cpp">
      <Filter>Source Files</Filter>
    </ClCompile>
    <ClCompile Include="Employee.cpp">
      <Filter>Source Files</Filter>
    </ClCompile>
    <ClCompile Include="Doctor.cpp">
      <Filter>Source Files</Filter>
    </ClCompile>
    <ClCompile Include="Janitor.cpp">
      <Filter>Source Files</Filter>
    </ClCompile>
    <ClCompile Include="Nurse.cpp">
      <Filter>Source Files</Filter>
    </ClCompile>
    <ClCompile Include="Patient.cpp">
      <Filter>Source Files</Filter>
    </ClCompile>
    <ClCompile Include="Receptionist.cpp">
      <Filter>Source Files</Filter>
    </ClCompile>
    <ClCompile Include="ReferralPatient.cpp">
      <Filter>Source Files</Filter>
    </ClCompile>
    <ClCompile Include="SurgicalPatient.cpp">
      <Filter>Source Files</Filter>
    </ClCompile>
    <ClCompile Include="EmployeeDialog.cpp">
      <Filter>Source Files</Filter>
    </ClCompile>
    <ClCompile Include="PatientDialog.cpp">
      <Filter>Source Files</Filter>
    </ClCompile>
    <ClCompile Include="DoctorDialog.cpp">
      <Filter>Source Files</Filter>
    </ClCompile>
    <ClCompile Include="FindEmployeeDialog.cpp">
      <Filter>Source Files</Filter>
    </ClCompile>
    <ClCompile Include="FindPatietnDialog.cpp">
      <Filter>Source Files</Filter>
    </ClCompile>
    <ClCompile Include="FindDoctorDialog.cpp">
      <Filter>Source Files</Filter>
    </ClCompile>
    <ClCompile Include="RemoveEmpDialog.cpp">
      <Filter>Source Files</Filter>
    </ClCompile>
    <ClCompile Include="RemovePatientDialog.cpp">
      <Filter>Source Files</Filter>
    </ClCompile>
    <ClCompile Include="RemoveDocDialog.cpp">
      <Filter>Source Files</Filter>
    </ClCompile>
    <ClCompile Include="UpdateEmployeeDialog.cpp">
      <Filter>Source Files</Filter>
    </ClCompile>
    <ClCompile Include="UpdateLNClass.cpp">
      <Filter>Source Files</Filter>
    </ClCompile>
    <ClCompile Include="UpdateEmpPhoneNumDialog.cpp">
      <Filter>Source Files</Filter>
    </ClCompile>
    <ClCompile Include="UpdateEmpAddress.cpp">
      <Filter>Source Files</Filter>
    </ClCompile>
    <ClCompile Include="UpdateEmpAge.cpp">
      <Filter>Source Files</Filter>
    </ClCompile>
    <ClCompile Include="UpdatePatientDialog.cpp">
      <Filter>Source Files</Filter>
    </ClCompile>
  </ItemGroup>
  <ItemGroup>
    <QtMoc Include="LoginDialog.h">
      <Filter>Header Files</Filter>
    </QtMoc>
    <QtMoc Include="RegisterDialog.h">
      <Filter>Header Files</Filter>
    </QtMoc>
    <QtMoc Include="MysqlDataBase.h">
      <Filter>Header Files</Filter>
    </QtMoc>
    <QtMoc Include="User.h">
      <Filter>Header Files</Filter>
    </QtMoc>
    <QtMoc Include="Employee.h">
      <Filter>Header Files</Filter>
    </QtMoc>
    <QtMoc Include="Doctor.h">
      <Filter>Header Files</Filter>
    </QtMoc>
    <QtMoc Include="Janitor.h">
      <Filter>Header Files</Filter>
    </QtMoc>
    <QtMoc Include="Nurse.h">
      <Filter>Header Files</Filter>
    </QtMoc>
    <QtMoc Include="Patient.h">
      <Filter>Header Files</Filter>
    </QtMoc>
    <QtMoc Include="Receptionist.h">
      <Filter>Header Files</Filter>
    </QtMoc>
    <QtMoc Include="ReferralPatient.h">
      <Filter>Header Files</Filter>
    </QtMoc>
    <QtMoc Include="SurgicalPatient.h">
      <Filter>Header Files</Filter>
    </QtMoc>
    <QtMoc Include="EmployeeDialog.h">
      <Filter>Header Files</Filter>
    </QtMoc>
    <QtMoc Include="PatientDialog.h">
      <Filter>Header Files</Filter>
    </QtMoc>
    <QtMoc Include="DoctorDialog.h">
      <Filter>Header Files</Filter>
    </QtMoc>
    <QtMoc Include="FindEmployeeDialog.h">
      <Filter>Header Files</Filter>
    </QtMoc>
    <QtMoc Include="FindPatietnDialog.h">
      <Filter>Header Files</Filter>
    </QtMoc>
    <QtMoc Include="FindDoctorDialog.h">
      <Filter>Header Files</Filter>
    </QtMoc>
    <QtMoc Include="RemoveEmpDialog.h">
      <Filter>Header Files</Filter>
    </QtMoc>
    <QtMoc Include="RemovePatientDialog.h">
      <Filter>Header Files</Filter>
    </QtMoc>
    <QtMoc Include="RemoveDocDialog.h">
      <Filter>Header Files</Filter>
    </QtMoc>
    <QtMoc Include="UpdateEmployeeDialog.h">
      <Filter>Header Files</Filter>
    </QtMoc>
    <QtMoc Include="UpdateLNClass.h">
      <Filter>Header Files</Filter>
    </QtMoc>
    <QtMoc Include="UpdateEmpPhoneNumDialog.h">
      <Filter>Header Files</Filter>
    </QtMoc>
    <QtMoc Include="UpdateEmpAddress.h">
      <Filter>Header Files</Filter>
    </QtMoc>
    <QtMoc Include="UpdateEmpAge.h">
      <Filter>Header Files</Filter>
    </QtMoc>
    <QtMoc Include="UpdatePatientDialog.h">
      <Filter>Header Files</Filter>
    </QtMoc>
  </ItemGroup>
  <ItemGroup>
    <QtUic Include="LoginDialog.ui">
      <Filter>Form Files</Filter>
    </QtUic>
    <QtUic Include="RegisterDialog.ui">
      <Filter>Form Files</Filter>
    </QtUic>
    <QtUic Include="EmployeeDialog.ui">
      <Filter>Form Files</Filter>
    </QtUic>
    <QtUic Include="PatientDialog.ui">
      <Filter>Form Files</Filter>
    </QtUic>
    <QtUic Include="DoctorDialog.ui">
      <Filter>Form Files</Filter>
    </QtUic>
    <QtUic Include="FindEmployeeDialog.ui">
      <Filter>Form Files</Filter>
    </QtUic>
    <QtUic Include="FindPatietnDialog.ui">
      <Filter>Form Files</Filter>
    </QtUic>
    <QtUic Include="FindDoctorDialog.ui">
      <Filter>Form Files</Filter>
    </QtUic>
    <QtUic Include="RemoveEmpDialog.ui">
      <Filter>Form Files</Filter>
    </QtUic>
    <QtUic Include="RemovePatientDialog.ui">
      <Filter>Form Files</Filter>
    </QtUic>
    <QtUic Include="RemoveDocDialog.ui">
      <Filter>Form Files</Filter>
    </QtUic>
    <QtUic Include="UpdateEmployeeDialog.ui">
      <Filter>Form Files</Filter>
    </QtUic>
    <QtUic Include="UpdateLNClass.ui">
      <Filter>Form Files</Filter>
    </QtUic>
    <QtUic Include="UpdateEmpPhoneNumDialog.ui">
      <Filter>Form Files</Filter>
    </QtUic>
    <QtUic Include="UpdateEmpAddress.ui">
      <Filter>Form Files</Filter>
    </QtUic>
    <QtUic Include="UpdateEmpAge.ui">
      <Filter>Form Files</Filter>
    </QtUic>
    <QtUic Include="UpdatePatientDialog.ui">
      <Filter>Form Files</Filter>
    </QtUic>
  </ItemGroup>
</Project>